{
  "name": "seq",
  "version": "1.0.0",
  "lockfileVersion": 1,
  "requires": true,
  "dependencies": {
    "@types/geojson": {
      "version": "1.0.4",
      "resolved": "http://registry.npm.taobao.org/@types/geojson/download/@types/geojson-1.0.4.tgz",
      "integrity": "sha1-9uARvz9+6mFsznm28aByIBCCLzo="
    },
    "@types/node": {
      "version": "8.0.33",
      "resolved": "http://registry.npm.taobao.org/@types/node/download/@types/node-8.0.33.tgz",
      "integrity": "sha1-ESbpQ3QBTlRHgJKDBwT26onfBM0="
    },
    "ansi-regex": {
      "version": "2.1.1",
      "resolved": "http://registry.npm.taobao.org/ansi-regex/download/ansi-regex-2.1.1.tgz",
      "integrity": "sha1-w7M6te42DYbg5ijwRorn7yfWVN8="
    },
    "aproba": {
      "version": "1.2.0",
      "resolved": "http://registry.npm.taobao.org/aproba/download/aproba-1.2.0.tgz",
      "integrity": "sha1-aALmJk79GMeQobDVF/DyYnvyyUo="
    },
    "are-we-there-yet": {
      "version": "1.1.4",
      "resolved": "http://registry.npm.taobao.org/are-we-there-yet/download/are-we-there-yet-1.1.4.tgz",
      "integrity": "sha1-u13KOCu5TwXhUZQ3PRb9O6HKEQ0=",
      "requires": {
        "delegates": "1.0.0",
        "readable-stream": "2.3.3"
      }
    },
    "benchmark": {
      "version": "2.1.4",
      "resolved": "http://registry.npm.taobao.org/benchmark/download/benchmark-2.1.4.tgz",
      "integrity": "sha1-CfPeMckWQl1JjMLuVloOvzwqVik=",
      "requires": {
        "lodash": "4.17.4",
        "platform": "1.3.4"
      }
    },
    "bindings": {
      "version": "1.2.1",
      "resolved": "http://registry.npm.taobao.org/bindings/download/bindings-1.2.1.tgz",
      "integrity": "sha1-FK1hE4EtLTfXLme0ystLtyZQXxE="
    },
    "bl": {
      "version": "1.2.1",
      "resolved": "http://registry.npm.taobao.org/bl/download/bl-1.2.1.tgz",
      "integrity": "sha1-ysMo977kVzDUBLaSID/LWQ4XLV4=",
      "requires": {
        "readable-stream": "2.3.3"
      }
    },
    "bluebird": {
      "version": "3.5.1",
      "resolved": "http://registry.npm.taobao.org/bluebird/download/bluebird-3.5.1.tgz",
      "integrity": "sha1-2VUfnemPH82h5oPRfukaBgLuLrk="
    },
    "chownr": {
      "version": "1.0.1",
      "resolved": "http://registry.npm.taobao.org/chownr/download/chownr-1.0.1.tgz",
      "integrity": "sha1-4qdQQqlVGQi+vSW4Uj1fl2nXkYE="
    },
    "cls-bluebird": {
      "version": "2.0.1",
      "resolved": "http://registry.npm.taobao.org/cls-bluebird/download/cls-bluebird-2.0.1.tgz",
      "integrity": "sha1-wlmkgK4CwOUGE0MHuxPbMERu4uc=",
      "requires": {
        "is-bluebird": "1.0.2",
        "shimmer": "1.1.0"
      }
    },
    "code-point-at": {
      "version": "1.1.0",
      "resolved": "http://registry.npm.taobao.org/code-point-at/download/code-point-at-1.1.0.tgz",
      "integrity": "sha1-DQcLTQQ6W+ozovGkDi7bPZpMz3c="
    },
    "console-control-strings": {
      "version": "1.1.0",
      "resolved": "http://registry.npm.taobao.org/console-control-strings/download/console-control-strings-1.1.0.tgz",
      "integrity": "sha1-PXz0Rk22RG6mRL9LOVB/mFEAjo4="
    },
    "core-util-is": {
      "version": "1.0.2",
      "resolved": "http://registry.npm.taobao.org/core-util-is/download/core-util-is-1.0.2.tgz",
      "integrity": "sha1-tf1UIgqivFq1eqtxQMlAdUUDwac="
    },
    "debug": {
      "version": "3.1.0",
      "resolved": "http://registry.npm.taobao.org/debug/download/debug-3.1.0.tgz",
      "integrity": "sha1-W7WgZyYotkFJVmuhaBnmFRjGcmE=",
      "requires": {
        "ms": "2.0.0"
      }
    },
    "deep-extend": {
      "version": "0.4.2",
      "resolved": "http://registry.npm.taobao.org/deep-extend/download/deep-extend-0.4.2.tgz",
      "integrity": "sha1-SLaZwn4zS/ifEIkr5DL25MfTSn8="
    },
    "delegates": {
      "version": "1.0.0",
      "resolved": "http://registry.npm.taobao.org/delegates/download/delegates-1.0.0.tgz",
      "integrity": "sha1-hMbhWbgZBP3KWaDvRM2HDTElD5o="
    },
    "depd": {
      "version": "1.1.1",
      "resolved": "http://registry.npm.taobao.org/depd/download/depd-1.1.1.tgz",
      "integrity": "sha1-V4O04cRZ8G+lyif5kfPQbnoxA1k="
    },
    "dottie": {
      "version": "2.0.0",
      "resolved": "http://registry.npm.taobao.org/dottie/download/dottie-2.0.0.tgz",
      "integrity": "sha1-2hkZgci41xPKARXViYzzl8Lw3dA="
    },
    "end-of-stream": {
      "version": "1.4.0",
      "resolved": "http://registry.npm.taobao.org/end-of-stream/download/end-of-stream-1.4.0.tgz",
      "integrity": "sha1-epDYM+/abPpurA9JSduw+tOmMgY=",
      "requires": {
        "once": "1.4.0"
      }
    },
    "expand-template": {
      "version": "1.1.0",
      "resolved": "http://registry.npm.taobao.org/expand-template/download/expand-template-1.1.0.tgz",
      "integrity": "sha1-4J77qXe/mPnuDtJavQxpLgKuw/w="
    },
    "g2l": {
      "version": "0.0.1",
      "resolved": "http://registry.npm.taobao.org/g2l/download/g2l-0.0.1.tgz",
      "integrity": "sha1-VXp0d40TIOVCPLnooU4OnMyaskU="
    },
    "gauge": {
      "version": "2.7.4",
      "resolved": "http://registry.npm.taobao.org/gauge/download/gauge-2.7.4.tgz",
      "integrity": "sha1-LANAXHU4w51+s3sxcCLjJfsBi/c=",
      "requires": {
        "aproba": "1.2.0",
        "console-control-strings": "1.1.0",
        "has-unicode": "2.0.1",
        "object-assign": "4.1.1",
        "signal-exit": "3.0.2",
        "string-width": "1.0.2",
        "strip-ansi": "3.0.1",
        "wide-align": "1.1.2"
      }
    },
    "generic-pool": {
      "version": "3.1.8",
      "resolved": "http://registry.npm.taobao.org/generic-pool/download/generic-pool-3.1.8.tgz",
      "integrity": "sha1-CYRLZUW8kXfsIYvTXUrYlMZb4nE="
    },
    "github-from-package": {
      "version": "0.0.0",
      "resolved": "http://registry.npm.taobao.org/github-from-package/download/github-from-package-0.0.0.tgz",
      "integrity": "sha1-l/tdlr/eiXMxPyDoKI75oWf6ZM4="
    },
    "has-unicode": {
      "version": "2.0.1",
      "resolved": "http://registry.npm.taobao.org/has-unicode/download/has-unicode-2.0.1.tgz",
      "integrity": "sha1-4Ob+aijPUROIVeCG0Wkedx3iqLk="
    },
    "inflection": {
      "version": "1.12.0",
      "resolved": "http://registry.npm.taobao.org/inflection/download/inflection-1.12.0.tgz",
      "integrity": "sha1-ogCTVlbW9fa8TcdQLhrstwMihBY="
    },
    "inherits": {
      "version": "2.0.3",
      "resolved": "http://registry.npm.taobao.org/inherits/download/inherits-2.0.3.tgz",
      "integrity": "sha1-Yzwsg+PaQqUC9SRmAiSA9CCCYd4="
    },
    "ini": {
      "version": "1.3.4",
      "resolved": "http://registry.npm.taobao.org/ini/download/ini-1.3.4.tgz",
      "integrity": "sha1-BTfLedr1m1mhpRff9wbIbsA5Fi4="
    },
    "irregular-plurals": {
      "version": "1.3.0",
      "resolved": "http://registry.npm.taobao.org/irregular-plurals/download/irregular-plurals-1.3.0.tgz",
      "integrity": "sha1-evBpMb33S+M9z1haE+BvzMFsrs8="
    },
    "is-bluebird": {
      "version": "1.0.2",
      "resolved": "http://registry.npm.taobao.org/is-bluebird/download/is-bluebird-1.0.2.tgz",
      "integrity": "sha1-CWQ5Bg9KpBGr7hkUOoTWpVNG1uI="
    },
    "is-fullwidth-code-point": {
      "version": "1.0.0",
      "resolved": "http://registry.npm.taobao.org/is-fullwidth-code-point/download/is-fullwidth-code-point-1.0.0.tgz",
      "integrity": "sha1-754xOG8DGn8NZDr4L95QxFfvAMs=",
      "requires": {
        "number-is-nan": "1.0.1"
      }
    },
    "isarray": {
      "version": "1.0.0",
      "resolved": "http://registry.npm.taobao.org/isarray/download/isarray-1.0.0.tgz",
      "integrity": "sha1-u5NdSFgsuhaMBoNJV6VKPgcSTxE="
    },
    "lodash": {
      "version": "4.17.4",
      "resolved": "http://registry.npm.taobao.org/lodash/download/lodash-4.17.4.tgz",
      "integrity": "sha1-eCA6TRwyiuHYbcpkYONptX9AVa4="
    },
    "microtime": {
      "version": "2.1.6",
      "resolved": "http://registry.npm.taobao.org/microtime/download/microtime-2.1.6.tgz",
      "integrity": "sha1-dgR6A/kc7Vq7LlNn5fHfLt51a64=",
      "requires": {
        "bindings": "1.2.1",
        "nan": "2.6.2",
        "prebuild-install": "2.3.0"
      },
      "dependencies": {
        "nan": {
          "version": "2.6.2",
          "resolved": "http://registry.npm.taobao.org/nan/download/nan-2.6.2.tgz",
          "integrity": "sha1-5P805slf37WuzAjeZZb0NgWn20U="
        }
      }
    },
    "minimist": {
      "version": "1.2.0",
      "resolved": "http://registry.npm.taobao.org/minimist/download/minimist-1.2.0.tgz",
      "integrity": "sha1-o1AIsg9BOD7sH7kU9M1d95omQoQ="
    },
    "mkdirp": {
      "version": "0.5.1",
      "resolved": "http://registry.npm.taobao.org/mkdirp/download/mkdirp-0.5.1.tgz",
      "integrity": "sha1-MAV0OOrGz3+MR2fzhkjWaX11yQM=",
      "requires": {
        "minimist": "0.0.8"
      },
      "dependencies": {
        "minimist": {
          "version": "0.0.8",
          "resolved": "http://registry.npm.taobao.org/minimist/download/minimist-0.0.8.tgz",
          "integrity": "sha1-hX/Kv8M5fSYluCKCYuhqp6ARsF0="
        }
      }
    },
    "moment": {
      "version": "2.18.1",
      "resolved": "http://registry.npm.taobao.org/moment/download/moment-2.18.1.tgz",
      "integrity": "sha1-w2GT3Tzhwu7SrbfIAtu8d6gbHA8="
    },
    "moment-timezone": {
      "version": "0.5.13",
      "resolved": "http://registry.npm.taobao.org/moment-timezone/download/moment-timezone-0.5.13.tgz",
      "integrity": "sha1-mc5cfYJyYusPH3AgRBd/YHRde5A=",
      "requires": {
        "moment": "2.18.1"
      }
    },
    "ms": {
      "version": "2.0.0",
      "resolved": "http://registry.npm.taobao.org/ms/download/ms-2.0.0.tgz",
      "integrity": "sha1-VgiurfwAvmwpAd9fmGF4jeDVl8g="
    },
    "nan": {
      "version": "2.7.0",
      "resolved": "http://registry.npm.taobao.org/nan/download/nan-2.7.0.tgz",
      "integrity": "sha1-2Vv3IeyHfgjbJ27T/G63j5CDrUY="
    },
    "node-abi": {
      "version": "2.1.1",
      "resolved": "http://registry.npm.taobao.org/node-abi/download/node-abi-2.1.1.tgz",
      "integrity": "sha1-yc2iVuyKqZvKsvZEbbOK8UMziyo="
    },
    "noop-logger": {
      "version": "0.1.1",
      "resolved": "http://registry.npm.taobao.org/noop-logger/download/noop-logger-0.1.1.tgz",
      "integrity": "sha1-lKKxYzxPExdVMAfYlm/Q6EG2pMI="
    },
    "npmlog": {
      "version": "4.1.2",
      "resolved": "http://registry.npm.taobao.org/npmlog/download/npmlog-4.1.2.tgz",
      "integrity": "sha1-CKfyqL9zRgR3mp76StXMcXq7lUs=",
      "requires": {
        "are-we-there-yet": "1.1.4",
        "console-control-strings": "1.1.0",
        "gauge": "2.7.4",
        "set-blocking": "2.0.0"
      }
    },
    "number-is-nan": {
      "version": "1.0.1",
      "resolved": "http://registry.npm.taobao.org/number-is-nan/download/number-is-nan-1.0.1.tgz",
      "integrity": "sha1-CXtgK1NCKlIsGvuHkDGDNpQaAR0="
    },
    "object-assign": {
      "version": "4.1.1",
      "resolved": "http://registry.npm.taobao.org/object-assign/download/object-assign-4.1.1.tgz",
      "integrity": "sha1-IQmtx5ZYh8/AXLvUQsrIv7s2CGM="
    },
    "once": {
      "version": "1.4.0",
      "resolved": "http://registry.npm.taobao.org/once/download/once-1.4.0.tgz",
      "integrity": "sha1-WDsap3WWHUsROsF9nFC6753Xa9E=",
      "requires": {
        "wrappy": "1.0.2"
      }
    },
    "os-homedir": {
      "version": "1.0.2",
      "resolved": "http://registry.npm.taobao.org/os-homedir/download/os-homedir-1.0.2.tgz",
      "integrity": "sha1-/7xJiDNuDoM94MFox+8VISGqf7M="
    },
    "parse-ms": {
      "version": "1.0.1",
      "resolved": "http://registry.npm.taobao.org/parse-ms/download/parse-ms-1.0.1.tgz",
      "integrity": "sha1-VjRtR0nXjyNDDKDHE4UK75GqNh0="
    },
    "platform": {
      "version": "1.3.4",
      "resolved": "http://registry.npm.taobao.org/platform/download/platform-1.3.4.tgz",
      "integrity": "sha1-bw+xftqqSPIUQrOpdcBjEw8cPr0="
    },
    "plur": {
      "version": "2.1.2",
      "resolved": "http://registry.npm.taobao.org/plur/download/plur-2.1.2.tgz",
      "integrity": "sha1-dIJFLBoPUI4+NE6uwxLJHCncZVo=",
      "requires": {
        "irregular-plurals": "1.3.0"
      }
    },
    "prebuild-install": {
      "version": "2.3.0",
      "resolved": "http://registry.npm.taobao.org/prebuild-install/download/prebuild-install-2.3.0.tgz",
      "integrity": "sha1-GUgSR99yi4VKtXsYfOI0IRMRtIU=",
      "requires": {
        "expand-template": "1.1.0",
        "github-from-package": "0.0.0",
        "minimist": "1.2.0",
        "mkdirp": "0.5.1",
        "node-abi": "2.1.1",
        "noop-logger": "0.1.1",
        "npmlog": "4.1.2",
        "os-homedir": "1.0.2",
        "pump": "1.0.2",
        "rc": "1.2.1",
        "simple-get": "1.4.3",
        "tar-fs": "1.16.0",
        "tunnel-agent": "0.6.0",
        "xtend": "4.0.1"
      }
    },
    "pretty-ms": {
      "version": "3.0.1",
      "resolved": "http://registry.npm.taobao.org/pretty-ms/download/pretty-ms-3.0.1.tgz",
      "integrity": "sha1-fBi3PCKKm49u3Cg1oSy49+2F+fQ=",
      "requires": {
        "parse-ms": "1.0.1",
        "plur": "2.1.2"
      }
    },
    "process-nextick-args": {
      "version": "1.0.7",
      "resolved": "http://registry.npm.taobao.org/process-nextick-args/download/process-nextick-args-1.0.7.tgz",
      "integrity": "sha1-FQ4gt1ZZCtP5EJPyWk8q2L/zC6M="
    },
    "pump": {
      "version": "1.0.2",
      "resolved": "http://registry.npm.taobao.org/pump/download/pump-1.0.2.tgz",
      "integrity": "sha1-Oz7mUS+U8OV1U4wXmV+fFpkKXVE=",
      "requires": {
        "end-of-stream": "1.4.0",
        "once": "1.4.0"
      }
    },
    "rc": {
      "version": "1.2.1",
      "resolved": "http://registry.npm.taobao.org/rc/download/rc-1.2.1.tgz",
      "integrity": "sha1-LgPo5C7kULjLPc5lvhv4l04d/ZU=",
      "requires": {
        "deep-extend": "0.4.2",
        "ini": "1.3.4",
        "minimist": "1.2.0",
        "strip-json-comments": "2.0.1"
      }
    },
    "readable-stream": {
      "version": "2.3.3",
      "resolved": "http://registry.npm.taobao.org/readable-stream/download/readable-stream-2.3.3.tgz",
      "integrity": "sha1-No8lEtefnUb9/HE0mueHi7weuVw=",
      "requires": {
        "core-util-is": "1.0.2",
        "inherits": "2.0.3",
        "isarray": "1.0.0",
        "process-nextick-args": "1.0.7",
        "safe-buffer": "5.1.1",
        "string_decoder": "1.0.3",
        "util-deprecate": "1.0.2"
      }
    },
    "retry-as-promised": {
      "version": "2.3.1",
      "resolved": "http://registry.npm.taobao.org/retry-as-promised/download/retry-as-promised-2.3.1.tgz",
      "integrity": "sha1-91BZGD+XMHccCbrR7tV1N5McvJ0=",
      "requires": {
        "bluebird": "3.5.1",
        "debug": "2.6.9"
      },
      "dependencies": {
        "debug": {
          "version": "2.6.9",
          "resolved": "http://registry.npm.taobao.org/debug/download/debug-2.6.9.tgz",
          "integrity": "sha1-XRKFFd8TT/Mn6QpMk/Tgd6U2NB8=",
          "requires": {
            "ms": "2.0.0"
          }
        }
      }
    },
    "safe-buffer": {
      "version": "5.1.1",
      "resolved": "http://registry.npm.taobao.org/safe-buffer/download/safe-buffer-5.1.1.tgz",
      "integrity": "sha1-iTMSr2myEj3vcfV4iQAWce6yyFM="
    },
    "semver": {
      "version": "5.4.1",
      "resolved": "http://registry.npm.taobao.org/semver/download/semver-5.4.1.tgz",
      "integrity": "sha1-4FnAnYVx8FQII3M0M1BdOi8AsY4="
    },
    "sequelize": {
      "version": "4.13.5",
      "resolved": "http://registry.npm.taobao.org/sequelize/download/sequelize-4.13.5.tgz",
      "integrity": "sha1-86OXhYwoIdpThOUbTrmKn/ZeyxY=",
      "requires": {
        "bluebird": "3.5.1",
        "cls-bluebird": "2.0.1",
        "debug": "3.1.0",
        "depd": "1.1.1",
        "dottie": "2.0.0",
        "generic-pool": "3.1.8",
        "inflection": "1.12.0",
        "lodash": "4.17.4",
        "moment": "2.18.1",
        "moment-timezone": "0.5.13",
        "retry-as-promised": "2.3.1",
        "semver": "5.4.1",
        "terraformer-wkt-parser": "1.1.2",
        "toposort-class": "1.0.1",
        "uuid": "3.1.0",
        "validator": "8.2.0",
        "wkx": "0.4.2"
      }
    },
    "set-blocking": {
      "version": "2.0.0",
      "resolved": "http://registry.npm.taobao.org/set-blocking/download/set-blocking-2.0.0.tgz",
      "integrity": "sha1-BF+XgtARrppoA93TgrJDkrPYkPc="
    },
    "shimmer": {
      "version": "1.1.0",
      "resolved": "http://registry.npm.taobao.org/shimmer/download/shimmer-1.1.0.tgz",
      "integrity": "sha1-l9c3cTf/u6tCVSLkKf4KqJpIizU="
    },
    "signal-exit": {
      "version": "3.0.2",
      "resolved": "http://registry.npm.taobao.org/signal-exit/download/signal-exit-3.0.2.tgz",
      "integrity": "sha1-tf3AjxKH6hF4Yo5BXiUTK3NkbG0="
    },
    "simple-get": {
      "version": "1.4.3",
      "resolved": "http://registry.npm.taobao.org/simple-get/download/simple-get-1.4.3.tgz",
      "integrity": "sha1-6XVe2kB+ltpAxeUVjJ6jezO+y+s=",
      "requires": {
        "once": "1.4.0",
        "unzip-response": "1.0.2",
        "xtend": "4.0.1"
      }
    },
    "sqlite3": {
      "version": "3.1.13",
      "resolved": "http://registry.npm.taobao.org/sqlite3/download/sqlite3-3.1.13.tgz",
      "integrity": "sha1-2ZCgVic5J2jeYni6/Rox/f6Qfdk=",
      "requires": {
        "nan": "2.7.0",
        "node-pre-gyp": "0.6.38"
      },
      "dependencies": {
        "abbrev": {
          "version": "1.1.1",
          "bundled": true
        },
        "ajv": {
          "version": "4.11.8",
          "bundled": true,
          "requires": {
            "co": "4.6.0",
            "json-stable-stringify": "1.0.1"
          }
        },
        "ansi-regex": {
          "version": "2.1.1",
          "bundled": true
        },
        "aproba": {
          "version": "1.2.0",
          "bundled": true
        },
        "are-we-there-yet": {
          "version": "1.1.4",
          "bundled": true,
          "requires": {
            "delegates": "1.0.0",
            "readable-stream": "2.3.3"
          }
        },
        "asn1": {
          "version": "0.2.3",
          "bundled": true
        },
        "assert-plus": {
          "version": "0.2.0",
          "bundled": true
        },
        "asynckit": {
          "version": "0.4.0",
          "bundled": true
        },
        "aws-sign2": {
          "version": "0.6.0",
          "bundled": true
        },
        "aws4": {
          "version": "1.6.0",
          "bundled": true
        },
        "balanced-match": {
          "version": "1.0.0",
          "bundled": true
        },
        "bcrypt-pbkdf": {
          "version": "1.0.1",
          "bundled": true,
          "optional": true,
          "requires": {
            "tweetnacl": "0.14.5"
          }
        },
        "block-stream": {
          "version": "0.0.9",
          "bundled": true,
          "requires": {
            "inherits": "2.0.3"
          }
        },
        "boom": {
          "version": "2.10.1",
          "bundled": true,
          "requires": {
            "hoek": "2.16.3"
          }
        },
        "brace-expansion": {
          "version": "1.1.8",
          "bundled": true,
          "requires": {
            "balanced-match": "1.0.0",
            "concat-map": "0.0.1"
          }
        },
        "caseless": {
          "version": "0.12.0",
          "bundled": true
        },
        "co": {
          "version": "4.6.0",
          "bundled": true
        },
        "code-point-at": {
          "version": "1.1.0",
          "bundled": true
        },
        "combined-stream": {
          "version": "1.0.5",
          "bundled": true,
          "requires": {
            "delayed-stream": "1.0.0"
          }
        },
        "concat-map": {
          "version": "0.0.1",
          "bundled": true
        },
        "console-control-strings": {
          "version": "1.1.0",
          "bundled": true
        },
        "core-util-is": {
          "version": "1.0.2",
          "bundled": true
        },
        "cryptiles": {
          "version": "2.0.5",
          "bundled": true,
          "requires": {
            "boom": "2.10.1"
          }
        },
        "dashdash": {
          "version": "1.14.1",
          "bundled": true,
          "requires": {
            "assert-plus": "1.0.0"
          },
          "dependencies": {
            "assert-plus": {
              "version": "1.0.0",
              "bundled": true
            }
          }
        },
        "debug": {
          "version": "2.6.9",
          "bundled": true,
          "requires": {
            "ms": "2.0.0"
          }
        },
        "deep-extend": {
          "version": "0.4.2",
          "bundled": true
        },
        "delayed-stream": {
          "version": "1.0.0",
          "bundled": true
        },
        "delegates": {
          "version": "1.0.0",
          "bundled": true
        },
        "ecc-jsbn": {
          "version": "0.1.1",
          "bundled": true,
          "optional": true,
          "requires": {
            "jsbn": "0.1.1"
          }
        },
        "extend": {
          "version": "3.0.1",
          "bundled": true
        },
        "extsprintf": {
          "version": "1.3.0",
          "bundled": true
        },
        "forever-agent": {
          "version": "0.6.1",
          "bundled": true
        },
        "form-data": {
          "version": "2.1.4",
          "bundled": true,
          "requires": {
            "asynckit": "0.4.0",
            "combined-stream": "1.0.5",
            "mime-types": "2.1.17"
          }
        },
        "fs.realpath": {
          "version": "1.0.0",
          "bundled": true
        },
        "fstream": {
          "version": "1.0.11",
          "bundled": true,
          "requires": {
            "graceful-fs": "4.1.11",
            "inherits": "2.0.3",
            "mkdirp": "0.5.1",
            "rimraf": "2.6.2"
          }
        },
        "fstream-ignore": {
          "version": "1.0.5",
          "bundled": true,
          "requires": {
            "fstream": "1.0.11",
            "inherits": "2.0.3",
            "minimatch": "3.0.4"
          }
        },
        "gauge": {
          "version": "2.7.4",
          "bundled": true,
          "requires": {
            "aproba": "1.2.0",
            "console-control-strings": "1.1.0",
            "has-unicode": "2.0.1",
            "object-assign": "4.1.1",
            "signal-exit": "3.0.2",
            "string-width": "1.0.2",
            "strip-ansi": "3.0.1",
            "wide-align": "1.1.2"
          }
        },
        "getpass": {
          "version": "0.1.7",
          "bundled": true,
          "requires": {
            "assert-plus": "1.0.0"
          },
          "dependencies": {
            "assert-plus": {
              "version": "1.0.0",
              "bundled": true
            }
          }
        },
        "glob": {
          "version": "7.1.2",
          "bundled": true,
          "requires": {
            "fs.realpath": "1.0.0",
            "inflight": "1.0.6",
            "inherits": "2.0.3",
            "minimatch": "3.0.4",
            "once": "1.4.0",
            "path-is-absolute": "1.0.1"
          }
        },
        "graceful-fs": {
          "version": "4.1.11",
          "bundled": true
        },
        "har-schema": {
          "version": "1.0.5",
          "bundled": true
        },
        "har-validator": {
          "version": "4.2.1",
          "bundled": true,
          "requires": {
            "ajv": "4.11.8",
            "har-schema": "1.0.5"
          }
        },
        "has-unicode": {
          "version": "2.0.1",
          "bundled": true
        },
        "hawk": {
          "version": "3.1.3",
          "bundled": true,
          "requires": {
            "boom": "2.10.1",
            "cryptiles": "2.0.5",
            "hoek": "2.16.3",
            "sntp": "1.0.9"
          }
        },
        "hoek": {
          "version": "2.16.3",
          "bundled": true
        },
        "http-signature": {
          "version": "1.1.1",
          "bundled": true,
          "requires": {
            "assert-plus": "0.2.0",
            "jsprim": "1.4.1",
            "sshpk": "1.13.1"
          }
        },
        "inflight": {
          "version": "1.0.6",
          "bundled": true,
          "requires": {
            "once": "1.4.0",
            "wrappy": "1.0.2"
          }
        },
        "inherits": {
          "version": "2.0.3",
          "bundled": true
        },
        "ini": {
          "version": "1.3.4",
          "bundled": true
        },
        "is-fullwidth-code-point": {
          "version": "1.0.0",
          "bundled": true,
          "requires": {
            "number-is-nan": "1.0.1"
          }
        },
        "is-typedarray": {
          "version": "1.0.0",
          "bundled": true
        },
        "isarray": {
          "version": "1.0.0",
          "bundled": true
        },
        "isstream": {
          "version": "0.1.2",
          "bundled": true
        },
        "jsbn": {
          "version": "0.1.1",
          "bundled": true,
          "optional": true
        },
        "json-schema": {
          "version": "0.2.3",
          "bundled": true
        },
        "json-stable-stringify": {
          "version": "1.0.1",
          "bundled": true,
          "requires": {
            "jsonify": "0.0.0"
          }
        },
        "json-stringify-safe": {
          "version": "5.0.1",
          "bundled": true
        },
        "jsonify": {
          "version": "0.0.0",
          "bundled": true
        },
        "jsprim": {
          "version": "1.4.1",
          "bundled": true,
          "requires": {
            "assert-plus": "1.0.0",
            "extsprintf": "1.3.0",
            "json-schema": "0.2.3",
            "verror": "1.10.0"
          },
          "dependencies": {
            "assert-plus": {
              "version": "1.0.0",
              "bundled": true
            }
          }
        },
        "mime-db": {
          "version": "1.30.0",
          "bundled": true
        },
        "mime-types": {
          "version": "2.1.17",
          "bundled": true,
          "requires": {
            "mime-db": "1.30.0"
          }
        },
        "minimatch": {
          "version": "3.0.4",
          "bundled": true,
          "requires": {
            "brace-expansion": "1.1.8"
          }
        },
        "minimist": {
          "version": "0.0.8",
          "bundled": true
        },
        "mkdirp": {
          "version": "0.5.1",
          "bundled": true,
          "requires": {
            "minimist": "0.0.8"
          }
        },
        "ms": {
          "version": "2.0.0",
          "bundled": true
        },
        "node-pre-gyp": {
          "version": "0.6.38",
          "bundled": true,
          "requires": {
            "hawk": "3.1.3",
            "mkdirp": "0.5.1",
            "nopt": "4.0.1",
            "npmlog": "4.1.2",
            "rc": "1.2.1",
            "request": "2.81.0",
            "rimraf": "2.6.2",
            "semver": "5.4.1",
            "tar": "2.2.1",
            "tar-pack": "3.4.0"
          }
        },
        "nopt": {
          "version": "4.0.1",
          "bundled": true,
          "requires": {
            "abbrev": "1.1.1",
            "osenv": "0.1.4"
          }
        },
        "npmlog": {
          "version": "4.1.2",
          "bundled": true,
          "requires": {
            "are-we-there-yet": "1.1.4",
            "console-control-strings": "1.1.0",
            "gauge": "2.7.4",
            "set-blocking": "2.0.0"
          }
        },
        "number-is-nan": {
          "version": "1.0.1",
          "bundled": true
        },
        "oauth-sign": {
          "version": "0.8.2",
          "bundled": true
        },
        "object-assign": {
          "version": "4.1.1",
          "bundled": true
        },
        "once": {
          "version": "1.4.0",
          "bundled": true,
          "requires": {
            "wrappy": "1.0.2"
          }
        },
        "os-homedir": {
          "version": "1.0.2",
          "bundled": true
        },
        "os-tmpdir": {
          "version": "1.0.2",
          "bundled": true
        },
        "osenv": {
          "version": "0.1.4",
          "bundled": true,
          "requires": {
            "os-homedir": "1.0.2",
            "os-tmpdir": "1.0.2"
          }
        },
        "path-is-absolute": {
          "version": "1.0.1",
          "bundled": true
        },
        "performance-now": {
          "version": "0.2.0",
          "bundled": true
        },
        "process-nextick-args": {
          "version": "1.0.7",
          "bundled": true
        },
        "punycode": {
          "version": "1.4.1",
          "bundled": true
        },
        "qs": {
          "version": "6.4.0",
          "bundled": true
        },
        "rc": {
          "version": "1.2.1",
          "bundled": true,
          "requires": {
            "deep-extend": "0.4.2",
            "ini": "1.3.4",
            "minimist": "1.2.0",
            "strip-json-comments": "2.0.1"
          },
          "dependencies": {
            "minimist": {
              "version": "1.2.0",
              "bundled": true
            }
          }
        },
        "readable-stream": {
          "version": "2.3.3",
          "bundled": true,
          "requires": {
            "core-util-is": "1.0.2",
            "inherits": "2.0.3",
            "isarray": "1.0.0",
            "process-nextick-args": "1.0.7",
            "safe-buffer": "5.1.1",
            "string_decoder": "1.0.3",
            "util-deprecate": "1.0.2"
          }
        },
        "request": {
          "version": "2.81.0",
          "bundled": true,
          "requires": {
            "aws-sign2": "0.6.0",
            "aws4": "1.6.0",
            "caseless": "0.12.0",
            "combined-stream": "1.0.5",
            "extend": "3.0.1",
            "forever-agent": "0.6.1",
            "form-data": "2.1.4",
            "har-validator": "4.2.1",
            "hawk": "3.1.3",
            "http-signature": "1.1.1",
            "is-typedarray": "1.0.0",
            "isstream": "0.1.2",
            "json-stringify-safe": "5.0.1",
            "mime-types": "2.1.17",
            "oauth-sign": "0.8.2",
            "performance-now": "0.2.0",
            "qs": "6.4.0",
            "safe-buffer": "5.1.1",
            "stringstream": "0.0.5",
            "tough-cookie": "2.3.3",
            "tunnel-agent": "0.6.0",
            "uuid": "3.1.0"
          }
        },
        "rimraf": {
          "version": "2.6.2",
          "bundled": true,
          "requires": {
            "glob": "7.1.2"
          }
        },
        "safe-buffer": {
          "version": "5.1.1",
          "bundled": true
        },
        "semver": {
          "version": "5.4.1",
          "bundled": true
        },
        "set-blocking": {
          "version": "2.0.0",
          "bundled": true
        },
        "signal-exit": {
          "version": "3.0.2",
          "bundled": true
        },
        "sntp": {
          "version": "1.0.9",
          "bundled": true,
          "requires": {
            "hoek": "2.16.3"
          }
        },
        "sshpk": {
          "version": "1.13.1",
          "bundled": true,
          "requires": {
            "asn1": "0.2.3",
            "assert-plus": "1.0.0",
            "bcrypt-pbkdf": "1.0.1",
            "dashdash": "1.14.1",
            "ecc-jsbn": "0.1.1",
            "getpass": "0.1.7",
            "jsbn": "0.1.1",
            "tweetnacl": "0.14.5"
          },
          "dependencies": {
            "assert-plus": {
              "version": "1.0.0",
              "bundled": true
            }
          }
        },
        "string_decoder": {
          "version": "1.0.3",
          "bundled": true,
          "requires": {
            "safe-buffer": "5.1.1"
          }
        },
        "string-width": {
          "version": "1.0.2",
          "bundled": true,
          "requires": {
            "code-point-at": "1.1.0",
            "is-fullwidth-code-point": "1.0.0",
            "strip-ansi": "3.0.1"
          }
        },
        "stringstream": {
          "version": "0.0.5",
          "bundled": true
        },
        "strip-ansi": {
          "version": "3.0.1",
          "bundled": true,
          "requires": {
            "ansi-regex": "2.1.1"
          }
        },
        "strip-json-comments": {
          "version": "2.0.1",
          "bundled": true
        },
        "tar": {
          "version": "2.2.1",
          "bundled": true,
          "requires": {
            "block-stream": "0.0.9",
            "fstream": "1.0.11",
            "inherits": "2.0.3"
          }
        },
        "tar-pack": {
          "version": "3.4.0",
          "bundled": true,
          "requires": {
            "debug": "2.6.9",
            "fstream": "1.0.11",
            "fstream-ignore": "1.0.5",
            "once": "1.4.0",
            "readable-stream": "2.3.3",
            "rimraf": "2.6.2",
            "tar": "2.2.1",
            "uid-number": "0.0.6"
          }
        },
        "tough-cookie": {
          "version": "2.3.3",
          "bundled": true,
          "requires": {
            "punycode": "1.4.1"
          }
        },
        "tunnel-agent": {
          "version": "0.6.0",
          "bundled": true,
          "requires": {
            "safe-buffer": "5.1.1"
          }
        },
        "tweetnacl": {
          "version": "0.14.5",
          "bundled": true,
          "optional": true
        },
        "uid-number": {
          "version": "0.0.6",
          "bundled": true
        },
        "util-deprecate": {
          "version": "1.0.2",
          "bundled": true
        },
        "uuid": {
          "version": "3.1.0",
          "bundled": true
        },
        "verror": {
          "version": "1.10.0",
          "bundled": true,
          "requires": {
            "assert-plus": "1.0.0",
            "core-util-is": "1.0.2",
            "extsprintf": "1.3.0"
          },
          "dependencies": {
            "assert-plus": {
              "version": "1.0.0",
              "bundled": true
            }
          }
        },
        "wide-align": {
          "version": "1.1.2",
          "bundled": true,
          "requires": {
            "string-width": "1.0.2"
          }
        },
        "wrappy": {
          "version": "1.0.2",
          "bundled": true
        }
      }
    },
    "string_decoder": {
      "version": "1.0.3",
      "resolved": "http://registry.npm.taobao.org/string_decoder/download/string_decoder-1.0.3.tgz",
      "integrity": "sha1-D8Z9fBQYJd6UKC3VNr7GubzoYKs=",
      "requires": {
        "safe-buffer": "5.1.1"
      }
    },
    "string-width": {
      "version": "1.0.2",
      "resolved": "http://registry.npm.taobao.org/string-width/download/string-width-1.0.2.tgz",
      "integrity": "sha1-EYvfW4zcUaKn5w0hHgfisLmxB9M=",
      "requires": {
        "code-point-at": "1.1.0",
        "is-fullwidth-code-point": "1.0.0",
        "strip-ansi": "3.0.1"
      }
    },
    "strip-ansi": {
      "version": "3.0.1",
      "resolved": "http://registry.npm.taobao.org/strip-ansi/download/strip-ansi-3.0.1.tgz",
      "integrity": "sha1-ajhfuIU9lS1f8F0Oiq+UJ43GPc8=",
      "requires": {
        "ansi-regex": "2.1.1"
      }
    },
    "strip-json-comments": {
      "version": "2.0.1",
      "resolved": "http://registry.npm.taobao.org/strip-json-comments/download/strip-json-comments-2.0.1.tgz",
      "integrity": "sha1-PFMZQukIwml8DsNEhYwobHygpgo="
    },
    "tar-fs": {
      "version": "1.16.0",
      "resolved": "http://registry.npm.taobao.org/tar-fs/download/tar-fs-1.16.0.tgz",
      "integrity": "sha1-6HeiWsvMUdjHkNocV8nPQ5gXuJY=",
      "requires": {
        "chownr": "1.0.1",
        "mkdirp": "0.5.1",
        "pump": "1.0.2",
        "tar-stream": "1.5.4"
      }
    },
    "tar-stream": {
      "version": "1.5.4",
      "resolved": "http://registry.npm.taobao.org/tar-stream/download/tar-stream-1.5.4.tgz",
      "integrity": "sha1-NlSc8E7RrumyowwBQyUiONr5QBY=",
      "requires": {
        "bl": "1.2.1",
        "end-of-stream": "1.4.0",
        "readable-stream": "2.3.3",
        "xtend": "4.0.1"
      }
    },
    "terraformer": {
      "version": "1.0.8",
      "resolved": "http://registry.npm.taobao.org/terraformer/download/terraformer-1.0.8.tgz",
      "integrity": "sha1-UeCtiXRvzyFh3G9lqnDkI3fItZM=",
      "requires": {
        "@types/geojson": "1.0.4"
      }
    },
    "terraformer-wkt-parser": {
      "version": "1.1.2",
      "resolved": "http://registry.npm.taobao.org/terraformer-wkt-parser/download/terraformer-wkt-parser-1.1.2.tgz",
      "integrity": "sha1-M2oMj8gglKWv+DKI9prt7NNpvww=",
      "requires": {
        "terraformer": "1.0.8"
      }
    },
    "toposort-class": {
      "version": "1.0.1",
      "resolved": "http://registry.npm.taobao.org/toposort-class/download/toposort-class-1.0.1.tgz",
      "integrity": "sha1-f/0feMi+KMO6Rc1OGj9e4ZO9mYg="
    },
    "tunnel-agent": {
      "version": "0.6.0",
      "resolved": "http://registry.npm.taobao.org/tunnel-agent/download/tunnel-agent-0.6.0.tgz",
      "integrity": "sha1-J6XeoGs2sEoKmWZ3SykIaPD8QP0=",
      "requires": {
        "safe-buffer": "5.1.1"
      }
    },
    "unzip-response": {
      "version": "1.0.2",
      "resolved": "http://registry.npm.taobao.org/unzip-response/download/unzip-response-1.0.2.tgz",
      "integrity": "sha1-uYTwh3/AqJwsdzzB73tbIytbBv4="
    },
    "util-deprecate": {
      "version": "1.0.2",
      "resolved": "http://registry.npm.taobao.org/util-deprecate/download/util-deprecate-1.0.2.tgz",
      "integrity": "sha1-RQ1Nyfpw3nMnYvvS1KKJgUGaDM8="
    },
    "uuid": {
      "version": "3.1.0",
      "resolved": "http://registry.npm.taobao.org/uuid/download/uuid-3.1.0.tgz",
      "integrity": "sha1-PdPT55Crwk17DToDT/q6vijrvAQ="
    },
    "validator": {
      "version": "8.2.0",
      "resolved": "http://registry.npm.taobao.org/validator/download/validator-8.2.0.tgz",
      "integrity": "sha1-PBI3KQ43CSNVNE/veMIxJJ2rd7k="
    },
    "wide-align": {
      "version": "1.1.2",
      "resolved": "http://registry.npm.taobao.org/wide-align/download/wide-align-1.1.2.tgz",
      "integrity": "sha1-Vx4PGwYEY268DfwhsDObvjE0FxA=",
      "requires": {
        "string-width": "1.0.2"
      }
    },
    "wkx": {
      "version": "0.4.2",
      "resolved": "http://registry.npm.taobao.org/wkx/download/wkx-0.4.2.tgz",
      "integrity": "sha1-d201pjSlwi5lbkdEvetU+D/Szo0=",
      "requires": {
        "@types/node": "8.0.33"
      }
    },
    "wrappy": {
      "version": "1.0.2",
      "resolved": "http://registry.npm.taobao.org/wrappy/download/wrappy-1.0.2.tgz",
      "integrity": "sha1-tSQ9jz7BqjXxNkYFvA0QNuMKtp8="
    },
    "xtend": {
      "version": "4.0.1",
      "resolved": "http://registry.npm.taobao.org/xtend/download/xtend-4.0.1.tgz",
      "integrity": "sha1-pcbVMr5lbiPbgg77lDofBJmNY68="
    }
  }
}
